<?xml version="1.0" encoding="utf-8"?>
<Project ToolsVersion="4.0" xmlns="http://schemas.microsoft.com/developer/msbuild/2003">
  <ItemGroup>
    <Filter Include="Source Files">
      <UniqueIdentifier>{4FC737F1-C7A5-4376-A066-2A32D752A2FF}</UniqueIdentifier>
      <Extensions>cpp;c;cc;cxx;def;odl;idl;hpj;bat;asm;asmx</Extensions>
    </Filter>
    <Filter Include="Header Files">
      <UniqueIdentifier>{93995380-89BD-4b04-88EB-625FBE52EBFB}</UniqueIdentifier>
      <Extensions>h;hh;hpp;hxx;hm;inl;inc;ipp;xsd</Extensions>
    </Filter>
    <Filter Include="Resource Files">
      <UniqueIdentifier>{67DA6AB6-F800-4c08-8B7A-83BB121AAD01}</UniqueIdentifier>
      <Extensions>rc;ico;cur;bmp;dlg;rc2;rct;bin;rgs;gif;jpg;jpeg;jpe;resx;tiff;tif;png;wav;mfcribbon-ms</Extensions>
    </Filter>
    <Filter Include="Header Files\backend">
      <UniqueIdentifier>{877364c0-74a5-447a-a905-98d405dabe5b}</UniqueIdentifier>
    </Filter>
    <Filter Include="Source Files\backend">
      <UniqueIdentifier>{1e1ad307-5eff-469a-87f2-ccf0b7d09d95}</UniqueIdentifier>
    </Filter>
    <Filter Include="Source Files\backend\test">
      <UniqueIdentifier>{02d60c54-c6eb-4f5c-8688-96869a419335}</UniqueIdentifier>
    </Filter>
    <Filter Include="Source Files\backend\spec_txt">
      <UniqueIdentifier>{594c9628-081c-407f-b895-22e8865a3e07}</UniqueIdentifier>
    </Filter>
    <Filter Include="Source Files\backend\test\cep_test1">
      <UniqueIdentifier>{76215722-fb2c-4537-b1f2-4ff2f3e54309}</UniqueIdentifier>
    </Filter>
    <Filter Include="Source Files\backend\test\cep_test2">
      <UniqueIdentifier>{5edcaaa9-cee8-43da-87c1-733472cec1eb}</UniqueIdentifier>
    </Filter>
    <Filter Include="Source Files\backend\buffer">
      <UniqueIdentifier>{25e0aecc-9dfe-4447-bba8-20a537aa662d}</UniqueIdentifier>
    </Filter>
    <Filter Include="Source Files\backend\execution">
      <UniqueIdentifier>{1d9d485b-b410-4d99-9535-e2eb5a8f4e40}</UniqueIdentifier>
    </Filter>
    <Filter Include="Source Files\backend\op">
      <UniqueIdentifier>{9d213773-fcd8-458f-b951-010b6d829776}</UniqueIdentifier>
    </Filter>
    <Filter Include="Source Files\backend\execution\win">
      <UniqueIdentifier>{be36e987-3795-40a5-8fb0-660d99c38ec6}</UniqueIdentifier>
    </Filter>
    <Filter Include="Source Files\backend\execution\event">
      <UniqueIdentifier>{1659729b-43e5-44dc-8931-29dad827263b}</UniqueIdentifier>
    </Filter>
    <Filter Include="Header Files\backend\utils">
      <UniqueIdentifier>{11b445e3-89b4-49d8-a940-a49137838599}</UniqueIdentifier>
    </Filter>
    <Filter Include="Header Files\backend\expression">
      <UniqueIdentifier>{21b01172-7bf1-4904-beb3-e52058f130bc}</UniqueIdentifier>
    </Filter>
    <Filter Include="Header Files\backend\op">
      <UniqueIdentifier>{dfcbad6d-4d74-47a2-a6ef-1472adb6f6d2}</UniqueIdentifier>
    </Filter>
    <Filter Include="Header Files\backend\execution">
      <UniqueIdentifier>{48f7bf9e-18d6-4544-83ba-7cabe5a550c5}</UniqueIdentifier>
    </Filter>
    <Filter Include="Header Files\backend\execution\win">
      <UniqueIdentifier>{d10db58f-0e51-40b4-a3a7-d496d8b5c844}</UniqueIdentifier>
    </Filter>
    <Filter Include="Header Files\backend\execution\event">
      <UniqueIdentifier>{a638cc2b-58d6-4423-8096-12e8c7ad58ec}</UniqueIdentifier>
    </Filter>
    <Filter Include="Header Files\backend\execution\results">
      <UniqueIdentifier>{45c2ceb9-29d5-4724-a534-c991ddf243ec}</UniqueIdentifier>
    </Filter>
    <Filter Include="Header Files\backend\buffer">
      <UniqueIdentifier>{651a6785-d66e-4bba-bd25-ebc7ddd3cd1d}</UniqueIdentifier>
    </Filter>
    <Filter Include="Header Files\backend\spec">
      <UniqueIdentifier>{4ed04195-b317-4d3d-9867-2113710f69d4}</UniqueIdentifier>
    </Filter>
    <Filter Include="Source Files\backend\spec">
      <UniqueIdentifier>{9c671ebe-1d54-420d-8f77-3f7084058f5d}</UniqueIdentifier>
    </Filter>
  </ItemGroup>
  <ItemGroup>
    <ClInclude Include="StreamProcessing.h">
      <Filter>Header Files</Filter>
    </ClInclude>
    <ClInclude Include="StreamProcessingDlg.h">
      <Filter>Header Files</Filter>
    </ClInclude>
    <ClInclude Include="stdafx.h">
      <Filter>Header Files</Filter>
    </ClInclude>
    <ClInclude Include="targetver.h">
      <Filter>Header Files</Filter>
    </ClInclude>
    <ClInclude Include="Resource.h">
      <Filter>Header Files</Filter>
    </ClInclude>
    <ClInclude Include="EventGenerator.h">
      <Filter>Header Files\backend</Filter>
    </ClInclude>
    <ClInclude Include="ExecuteScheduler.h">
      <Filter>Header Files\backend</Filter>
    </ClInclude>
    <ClInclude Include="OperatorRegister.h">
      <Filter>Header Files\backend</Filter>
    </ClInclude>
    <ClInclude Include="Utils.h">
      <Filter>Header Files\backend\utils</Filter>
    </ClInclude>
    <ClInclude Include="FileReaderUtils.h">
      <Filter>Header Files\backend\utils</Filter>
    </ClInclude>
    <ClInclude Include="CEPSpecParser.h">
      <Filter>Header Files\backend\utils</Filter>
    </ClInclude>
    <ClInclude Include="CQSpecParser.h">
      <Filter>Header Files\backend\utils</Filter>
    </ClInclude>
    <ClInclude Include="EventCaptureSpecParser.h">
      <Filter>Header Files\backend\utils</Filter>
    </ClInclude>
    <ClInclude Include="SpecParser.h">
      <Filter>Header Files\backend\utils</Filter>
    </ClInclude>
    <ClInclude Include="EventFilterSpecParser.h">
      <Filter>Header Files\backend\utils</Filter>
    </ClInclude>
    <ClInclude Include="SpecUtils.h">
      <Filter>Header Files\backend\utils</Filter>
    </ClInclude>
    <ClInclude Include="And.h">
      <Filter>Header Files\backend\expression</Filter>
    </ClInclude>
    <ClInclude Include="Condition.h">
      <Filter>Header Files\backend\expression</Filter>
    </ClInclude>
    <ClInclude Include="EqualString.h">
      <Filter>Header Files\backend\expression</Filter>
    </ClInclude>
    <ClInclude Include="GreaterEqualThanInt.h">
      <Filter>Header Files\backend\expression</Filter>
    </ClInclude>
    <ClInclude Include="GreaterThanFloat.h">
      <Filter>Header Files\backend\expression</Filter>
    </ClInclude>
    <ClInclude Include="GreatThanOpPreDouble.h">
      <Filter>Header Files\backend\expression</Filter>
    </ClInclude>
    <ClInclude Include="LessThanFloat.h">
      <Filter>Header Files\backend\expression</Filter>
    </ClInclude>
    <ClInclude Include="LessThanOpPreDouble.h">
      <Filter>Header Files\backend\expression</Filter>
    </ClInclude>
    <ClInclude Include="Count.h">
      <Filter>Header Files\backend\op</Filter>
    </ClInclude>
    <ClInclude Include="DistanceOp.h">
      <Filter>Header Files\backend\op</Filter>
    </ClInclude>
    <ClInclude Include="ExistOp.h">
      <Filter>Header Files\backend\op</Filter>
    </ClInclude>
    <ClInclude Include="Max.h">
      <Filter>Header Files\backend\op</Filter>
    </ClInclude>
    <ClInclude Include="Min.h">
      <Filter>Header Files\backend\op</Filter>
    </ClInclude>
    <ClInclude Include="Average.h">
      <Filter>Header Files\backend\op</Filter>
    </ClInclude>
    <ClInclude Include="StatefulOperator.h">
      <Filter>Header Files\backend\op</Filter>
    </ClInclude>
    <ClInclude Include="Sum.h">
      <Filter>Header Files\backend\op</Filter>
    </ClInclude>
    <ClInclude Include="WithinAreaOp.h">
      <Filter>Header Files\backend\op</Filter>
    </ClInclude>
    <ClInclude Include="CQProcess.h">
      <Filter>Header Files\backend\execution</Filter>
    </ClInclude>
    <ClInclude Include="CEPProcess.h">
      <Filter>Header Files\backend\execution</Filter>
    </ClInclude>
    <ClInclude Include="EventCapture.h">
      <Filter>Header Files\backend\execution</Filter>
    </ClInclude>
    <ClInclude Include="EventProcess.h">
      <Filter>Header Files\backend\execution</Filter>
    </ClInclude>
    <ClInclude Include="Process.h">
      <Filter>Header Files\backend\execution</Filter>
    </ClInclude>
    <ClInclude Include="TumbleWindow.h">
      <Filter>Header Files\backend\execution\win</Filter>
    </ClInclude>
    <ClInclude Include="TumbleCountWindow.h">
      <Filter>Header Files\backend\execution\win</Filter>
    </ClInclude>
    <ClInclude Include="TumbleTimeWindow.h">
      <Filter>Header Files\backend\execution\win</Filter>
    </ClInclude>
    <ClInclude Include="Window.h">
      <Filter>Header Files\backend\execution\win</Filter>
    </ClInclude>
    <ClInclude Include="WindowBase.h">
      <Filter>Header Files\backend\execution\win</Filter>
    </ClInclude>
    <ClInclude Include="SlidingWindowOfTime.h">
      <Filter>Header Files\backend\execution\win</Filter>
    </ClInclude>
    <ClInclude Include="SlidingWindowOfCount.h">
      <Filter>Header Files\backend\execution\win</Filter>
    </ClInclude>
    <ClInclude Include="SlidingWindow.h">
      <Filter>Header Files\backend\execution\win</Filter>
    </ClInclude>
    <ClInclude Include="Event.h">
      <Filter>Header Files\backend\execution\event</Filter>
    </ClInclude>
    <ClInclude Include="HashEvent.h">
      <Filter>Header Files\backend\execution\event</Filter>
    </ClInclude>
    <ClInclude Include="RadarDerivedEvent.h">
      <Filter>Header Files\backend\execution\event</Filter>
    </ClInclude>
    <ClInclude Include="RadarEvent.h">
      <Filter>Header Files\backend\execution\event</Filter>
    </ClInclude>
    <ClInclude Include="BoolResult.h">
      <Filter>Header Files\backend\execution\results</Filter>
    </ClInclude>
    <ClInclude Include="LongResult.h">
      <Filter>Header Files\backend\execution\results</Filter>
    </ClInclude>
    <ClInclude Include="EnhanceEventResult.h">
      <Filter>Header Files\backend\execution\results</Filter>
    </ClInclude>
    <ClInclude Include="DoubleResult.h">
      <Filter>Header Files\backend\execution\results</Filter>
    </ClInclude>
    <ClInclude Include="SharedQueueWriter.h">
      <Filter>Header Files\backend\buffer</Filter>
    </ClInclude>
    <ClInclude Include="SharedQueueReader.h">
      <Filter>Header Files\backend\buffer</Filter>
    </ClInclude>
    <ClInclude Include="QueueWriter.h">
      <Filter>Header Files\backend\buffer</Filter>
    </ClInclude>
    <ClInclude Include="QueueReader.h">
      <Filter>Header Files\backend\buffer</Filter>
    </ClInclude>
    <ClInclude Include="Queue.h">
      <Filter>Header Files\backend\buffer</Filter>
    </ClInclude>
    <ClInclude Include="Result.h">
      <Filter>Header Files\backend\execution\results</Filter>
    </ClInclude>
    <ClInclude Include="TruePredicate.h">
      <Filter>Header Files\backend\expression</Filter>
    </ClInclude>
    <ClInclude Include="PredicateBase.h">
      <Filter>Header Files\backend\expression</Filter>
    </ClInclude>
    <ClInclude Include="OperatorPredicate.h">
      <Filter>Header Files\backend\expression</Filter>
    </ClInclude>
    <ClInclude Include="EventFilterSpec.h">
      <Filter>Header Files\backend\spec</Filter>
    </ClInclude>
    <ClInclude Include="Spec.h">
      <Filter>Header Files\backend\spec</Filter>
    </ClInclude>
    <ClInclude Include="EventCaptureSpec.h">
      <Filter>Header Files\backend\spec</Filter>
    </ClInclude>
    <ClInclude Include="CEPSpec.h">
      <Filter>Header Files\backend\spec</Filter>
    </ClInclude>
    <ClInclude Include="Predicate.h">
      <Filter>Header Files\backend\expression</Filter>
    </ClInclude>
    <ClInclude Include="CQSpec.h">
      <Filter>Header Files\backend\spec</Filter>
    </ClInclude>
    <ClInclude Include="CEPStoreResultListener.h">
      <Filter>Header Files\backend\execution\results</Filter>
    </ClInclude>
    <ClInclude Include="CQStoreResultListener.h">
      <Filter>Header Files\backend\execution\results</Filter>
    </ClInclude>
    <ClInclude Include="MulStreamResult.h">
      <Filter>Header Files\backend\execution\results</Filter>
    </ClInclude>
    <ClInclude Include="ResultListener.h">
      <Filter>Header Files\backend\execution\results</Filter>
    </ClInclude>
    <ClInclude Include="OutsideAreaOp.h">
      <Filter>Header Files\backend\op</Filter>
    </ClInclude>
    <ClInclude Include="DerivedEvent.h">
      <Filter>Header Files\backend\execution\event</Filter>
    </ClInclude>
    <ClInclude Include="Operator.h">
      <Filter>Header Files\backend\op</Filter>
    </ClInclude>
    <ClInclude Include="DerivedEventStore.h">
      <Filter>Header Files\backend\buffer</Filter>
    </ClInclude>
    <ClInclude Include="SpecRegister.h">
      <Filter>Header Files\backend\spec</Filter>
    </ClInclude>
  </ItemGroup>
  <ItemGroup>
    <ClCompile Include="StreamProcessing.cpp">
      <Filter>Source Files</Filter>
    </ClCompile>
    <ClCompile Include="StreamProcessingDlg.cpp">
      <Filter>Source Files</Filter>
    </ClCompile>
    <ClCompile Include="stdafx.cpp">
      <Filter>Source Files</Filter>
    </ClCompile>
    <ClCompile Include="OperatorRegister.cpp">
      <Filter>Source Files\backend</Filter>
    </ClCompile>
    <ClCompile Include="Utils.cpp">
      <Filter>Source Files\backend</Filter>
    </ClCompile>
    <ClCompile Include="CEP_SpecTest.cpp">
      <Filter>Source Files\backend\test</Filter>
    </ClCompile>
    <ClCompile Include="CQ_SpecTest.cpp">
      <Filter>Source Files\backend\test</Filter>
    </ClCompile>
    <ClCompile Include="CQ_SpecTest2.cpp">
      <Filter>Source Files\backend\test</Filter>
    </ClCompile>
    <ClCompile Include="EventCapture_SpecTest.cpp">
      <Filter>Source Files\backend\test</Filter>
    </ClCompile>
    <ClCompile Include="EventFilter_SpecTest.cpp">
      <Filter>Source Files\backend\test</Filter>
    </ClCompile>
    <ClCompile Include="EventProcessTest.cpp">
      <Filter>Source Files\backend\test</Filter>
    </ClCompile>
    <ClCompile Include="GlogTest.cpp">
      <Filter>Source Files\backend\test</Filter>
    </ClCompile>
    <ClCompile Include="main.cpp">
      <Filter>Source Files\backend\test</Filter>
    </ClCompile>
    <ClCompile Include="Main2.cpp">
      <Filter>Source Files\backend\test</Filter>
    </ClCompile>
    <ClCompile Include="Test_largetObject2.cpp">
      <Filter>Source Files\backend\test</Filter>
    </ClCompile>
    <ClCompile Include="TestCQProcess.cpp">
      <Filter>Source Files\backend\test</Filter>
    </ClCompile>
    <ClCompile Include="TestEventCapture.cpp">
      <Filter>Source Files\backend\test</Filter>
    </ClCompile>
    <ClCompile Include="TestEventCapture_CQ_CEP.cpp">
      <Filter>Source Files\backend\test</Filter>
    </ClCompile>
    <ClCompile Include="TestEventProcess.cpp">
      <Filter>Source Files\backend\test</Filter>
    </ClCompile>
    <ClCompile Include="TestOperatorPredicate.cpp">
      <Filter>Source Files\backend\test</Filter>
    </ClCompile>
    <ClCompile Include="TestSharedQueue.cpp">
      <Filter>Source Files\backend\test</Filter>
    </ClCompile>
    <ClCompile Include="TestSharedQueue2.cpp">
      <Filter>Source Files\backend\test</Filter>
    </ClCompile>
    <ClCompile Include="ThreadTest1.cpp">
      <Filter>Source Files\backend\test</Filter>
    </ClCompile>
    <ClCompile Include="CEPTest_Spec1.cpp">
      <Filter>Source Files\backend\test\cep_test1</Filter>
    </ClCompile>
    <ClCompile Include="CEPTest_Spec2.cpp">
      <Filter>Source Files\backend\test\cep_test2</Filter>
    </ClCompile>
    <ClCompile Include="DerivedEventStore.cpp">
      <Filter>Source Files\backend\buffer</Filter>
    </ClCompile>
    <ClCompile Include="QueueReader.cpp">
      <Filter>Source Files\backend\buffer</Filter>
    </ClCompile>
    <ClCompile Include="QueueWriter.cpp">
      <Filter>Source Files\backend\buffer</Filter>
    </ClCompile>
    <ClCompile Include="SharedQueueReader.cpp">
      <Filter>Source Files\backend\buffer</Filter>
    </ClCompile>
    <ClCompile Include="SharedQueueWriter.cpp">
      <Filter>Source Files\backend\buffer</Filter>
    </ClCompile>
    <ClCompile Include="CEPProcess.cpp">
      <Filter>Source Files\backend\execution</Filter>
    </ClCompile>
    <ClCompile Include="CQProcess.cpp">
      <Filter>Source Files\backend\execution</Filter>
    </ClCompile>
    <ClCompile Include="EventCapture.cpp">
      <Filter>Source Files\backend\execution</Filter>
    </ClCompile>
    <ClCompile Include="EventProcess.cpp">
      <Filter>Source Files\backend\execution</Filter>
    </ClCompile>
    <ClCompile Include="ExecuteScheduler.cpp">
      <Filter>Source Files\backend\execution</Filter>
    </ClCompile>
    <ClCompile Include="HashEvent.cpp">
      <Filter>Source Files\backend\execution\event</Filter>
    </ClCompile>
    <ClCompile Include="Event.cpp">
      <Filter>Source Files\backend\execution\event</Filter>
    </ClCompile>
    <ClCompile Include="RadarEvent.cpp">
      <Filter>Source Files\backend\execution\event</Filter>
    </ClCompile>
    <ClCompile Include="Average.cpp">
      <Filter>Source Files\backend\op</Filter>
    </ClCompile>
    <ClCompile Include="Condition.cpp">
      <Filter>Source Files\backend\op</Filter>
    </ClCompile>
    <ClCompile Include="Count.cpp">
      <Filter>Source Files\backend\op</Filter>
    </ClCompile>
    <ClCompile Include="DistanceOp.cpp">
      <Filter>Source Files\backend\op</Filter>
    </ClCompile>
    <ClCompile Include="ExistOp.cpp">
      <Filter>Source Files\backend\op</Filter>
    </ClCompile>
    <ClCompile Include="Max.cpp">
      <Filter>Source Files\backend\op</Filter>
    </ClCompile>
    <ClCompile Include="Min.cpp">
      <Filter>Source Files\backend\op</Filter>
    </ClCompile>
    <ClCompile Include="OutsideAreaOp.cpp">
      <Filter>Source Files\backend\op</Filter>
    </ClCompile>
    <ClCompile Include="Sum.cpp">
      <Filter>Source Files\backend\op</Filter>
    </ClCompile>
    <ClCompile Include="WithinAreaOp.cpp">
      <Filter>Source Files\backend\op</Filter>
    </ClCompile>
    <ClCompile Include="SlidingWindow.cpp">
      <Filter>Source Files\backend\execution\win</Filter>
    </ClCompile>
    <ClCompile Include="TumbleCountWindow.cpp">
      <Filter>Source Files\backend\execution\win</Filter>
    </ClCompile>
    <ClCompile Include="TumbleTimeWindow.cpp">
      <Filter>Source Files\backend\execution\win</Filter>
    </ClCompile>
    <ClCompile Include="TumbleWindow.cpp">
      <Filter>Source Files\backend\execution\win</Filter>
    </ClCompile>
    <ClCompile Include="SpecRegister.cpp">
      <Filter>Source Files\backend\spec</Filter>
    </ClCompile>
  </ItemGroup>
  <ItemGroup>
    <ResourceCompile Include="StreamProcessing.rc">
      <Filter>Resource Files</Filter>
    </ResourceCompile>
  </ItemGroup>
  <ItemGroup>
    <None Include="res\StreamProcessing.rc2">
      <Filter>Resource Files</Filter>
    </None>
  </ItemGroup>
  <ItemGroup>
    <Image Include="res\StreamProcessing.ico">
      <Filter>Resource Files</Filter>
    </Image>
  </ItemGroup>
  <ItemGroup>
    <Text Include="CEPSpec.txt">
      <Filter>Source Files\backend\spec_txt</Filter>
    </Text>
    <Text Include="CQSpec.txt">
      <Filter>Source Files\backend\spec_txt</Filter>
    </Text>
    <Text Include="CQSpecTest2.txt">
      <Filter>Source Files\backend\spec_txt</Filter>
    </Text>
    <Text Include="EventCaptureSpec.txt">
      <Filter>Source Files\backend\spec_txt</Filter>
    </Text>
    <Text Include="EventFilterSpec.txt">
      <Filter>Source Files\backend\spec_txt</Filter>
    </Text>
    <Text Include="cep_spec.txt">
      <Filter>Source Files\backend\test\cep_test1</Filter>
    </Text>
    <Text Include="cq_spec.txt">
      <Filter>Source Files\backend\test\cep_test1</Filter>
    </Text>
    <Text Include="event_capture_spec.txt">
      <Filter>Source Files\backend\test\cep_test1</Filter>
    </Text>
    <Text Include="cep_spec2.txt">
      <Filter>Source Files\backend\test\cep_test2</Filter>
    </Text>
    <Text Include="cq_spec2.txt">
      <Filter>Source Files\backend\test\cep_test2</Filter>
    </Text>
    <Text Include="event_capture_spec2.txt">
      <Filter>Source Files\backend\test\cep_test2</Filter>
    </Text>
  </ItemGroup>
</Project>